
Microsoft Visual Studio Solution File, Format Version 12.00
# Visual Studio 15
VisualStudioVersion = 15.0.28010.2036
MinimumVisualStudioVersion = 10.0.40219.1
Project("{FAE04EC0-301F-11D3-BF4B-00C04F79EFBC}") = "Angular.Core", "Angular.Core\Angular.Core.csproj", "{22122AFA-FF68-4B15-95BC-DA51BB8EAF19}"
EndProject
Global
	GlobalSection(SolutionConfigurationPlatforms) = preSolution
		Debug|Any CPU = Debug|Any CPU
		Release|Any CPU = Release|Any CPU
	EndGlobalSection
	GlobalSection(ProjectConfigurationPlatforms) = postSolution
		{22122AFA-FF68-4B15-95BC-DA51BB8EAF19}.Debug|Any CPU.ActiveCfg = Debug|Any CPU
		{22122AFA-FF68-4B15-95BC-DA51BB8EAF19}.Debug|Any CPU.Build.0 = Debug|Any CPU
		{22122AFA-FF68-4B15-95BC-DA51BB8EAF19}.Release|Any CPU.ActiveCfg = Release|Any CPU
		{22122AFA-FF68-4B15-95BC-DA51BB8EAF19}.Release|Any CPU.Build.0 = Release|Any CPU
	EndGlobalSection
	GlobalSection(SolutionProperties) = preSolution
		HideSolutionNode = FALSE
	EndGlobalSection
	GlobalSection(ExtensibilityGlobals) = postSolution
		SolutionGuid = {7A199267-1AF8-4F68-A00B-48DE38A858DF}
	EndGlobalSection
EndGlobal
